
Microsoft Visual Studio Solution File, Format Version 12.00
# Visual Studio Version 17
VisualStudioVersion = 17.7.34221.43
MinimumVisualStudioVersion = 10.0.40219.1
Project("{FAE04EC0-301F-11D3-BF4B-00C04F79EFBC}") = "Agustina-Checkpoint2", "Agustina-Checkpoint2\Agustina-Checkpoint2.csproj", "{C2B9D524-5796-4ED6-A0B0-966A5CB2600B}"
EndProject
Global
	GlobalSection(SolutionConfigurationPlatforms) = preSolution
		Debug|Any CPU = Debug|Any CPU
		Release|Any CPU = Release|Any CPU
	EndGlobalSection
	GlobalSection(ProjectConfigurationPlatforms) = postSolution
		{C2B9D524-5796-4ED6-A0B0-966A5CB2600B}.Debug|Any CPU.ActiveCfg = Debug|Any CPU
		{C2B9D524-5796-4ED6-A0B0-966A5CB2600B}.Debug|Any CPU.Build.0 = Debug|Any CPU
		{C2B9D524-5796-4ED6-A0B0-966A5CB2600B}.Release|Any CPU.ActiveCfg = Release|Any CPU
		{C2B9D524-5796-4ED6-A0B0-966A5CB2600B}.Release|Any CPU.Build.0 = Release|Any CPU
	EndGlobalSection
	GlobalSection(SolutionProperties) = preSolution
		HideSolutionNode = FALSE
	EndGlobalSection
	GlobalSection(ExtensibilityGlobals) = postSolution
		SolutionGuid = {5FDE7769-04A9-4E2A-B3C7-F12E8EBAE095}
	EndGlobalSection
EndGlobal
